// !$*UTF8*$!
{
	archiveVersion = 1;
	classes = {
	};
	objectVersion = 46;
	objects = {

/* Begin PBXBuildFile section */
		B76FEF441B7CF7D60049D895 /* XUConstView.m in Sources */ = {isa = PBXBuildFile; fileRef = B76FEF431B7CF7D60049D895 /* XUConstView.m */; };
		B7A69F8E1B7B2930004C38BA /* main.m in Sources */ = {isa = PBXBuildFile; fileRef = B7A69F8D1B7B2930004C38BA /* main.m */; };
		B7A69F911B7B2930004C38BA /* AppDelegate.m in Sources */ = {isa = PBXBuildFile; fileRef = B7A69F901B7B2930004C38BA /* AppDelegate.m */; };
		B7A69F941B7B2930004C38BA /* ViewController.m in Sources */ = {isa = PBXBuildFile; fileRef = B7A69F931B7B2930004C38BA /* ViewController.m */; };
		B7A69F971B7B2930004C38BA /* Main.storyboard in Resources */ = {isa = PBXBuildFile; fileRef = B7A69F951B7B2930004C38BA /* Main.storyboard */; };
		B7A69F991B7B2930004C38BA /* Images.xcassets in Resources */ = {isa = PBXBuildFile; fileRef = B7A69F981B7B2930004C38BA /* Images.xcassets */; };
		B7A69F9C1B7B2930004C38BA /* LaunchScreen.xib in Resources */ = {isa = PBXBuildFile; fileRef = B7A69F9A1B7B2930004C38BA /* LaunchScreen.xib */; };
		B7A69FA81B7B2930004C38BA /* blockDemoTests.m in Sources */ = {isa = PBXBuildFile; fileRef = B7A69FA71B7B2930004C38BA /* blockDemoTests.m */; };
		B7A69FB31B7B2948004C38BA /* BlockObject.m in Sources */ = {isa = PBXBuildFile; fileRef = B7A69FB21B7B2948004C38BA /* BlockObject.m */; };
		B7F792321B7CC233008B4DAA /* PushViewController.m in Sources */ = {isa = PBXBuildFile; fileRef = B7F792311B7CC233008B4DAA /* PushViewController.m */; };
/* End PBXBuildFile section */

/* Begin PBXContainerItemProxy section */
		B7A69FA21B7B2930004C38BA /* PBXContainerItemProxy */ = {
			isa = PBXContainerItemProxy;
			containerPortal = B7A69F801B7B2930004C38BA /* Project object */;
			proxyType = 1;
			remoteGlobalIDString = B7A69F871B7B2930004C38BA;
			remoteInfo = blockDemo;
		};
/* End PBXContainerItemProxy section */

/* Begin PBXFileReference section */
		B76FEF421B7CF7D60049D895 /* XUConstView.h */ = {isa = PBXFileReference; fileEncoding = 4; lastKnownFileType = sourcecode.c.h; path = XUConstView.h; sourceTree = "<group>"; };
		B76FEF431B7CF7D60049D895 /* XUConstView.m */ = {isa = PBXFileReference; fileEncoding = 4; lastKnownFileType = sourcecode.c.objc; path = XUConstView.m; sourceTree = "<group>"; };
		B7A69F881B7B2930004C38BA /* blockDemo.app */ = {isa = PBXFileReference; explicitFileType = wrapper.application; includeInIndex = 0; path = blockDemo.app; sourceTree = BUILT_PRODUCTS_DIR; };
		B7A69F8C1B7B2930004C38BA /* Info.plist */ = {isa = PBXFileReference; lastKnownFileType = text.plist.xml; path = Info.plist; sourceTree = "<group>"; };
		B7A69F8D1B7B2930004C38BA /* main.m */ = {isa = PBXFileReference; lastKnownFileType = sourcecode.c.objc; path = main.m; sourceTree = "<group>"; };
		B7A69F8F1B7B2930004C38BA /* AppDelegate.h */ = {isa = PBXFileReference; lastKnownFileType = sourcecode.c.h; path = AppDelegate.h; sourceTree = "<group>"; };
		B7A69F901B7B2930004C38BA /* AppDelegate.m */ = {isa = PBXFileReference; lastKnownFileType = sourcecode.c.objc; path = AppDelegate.m; sourceTree = "<group>"; };
		B7A69F921B7B2930004C38BA /* ViewController.h */ = {isa = PBXFileReference; lastKnownFileType = sourcecode.c.h; path = ViewController.h; sourceTree = "<group>"; };
		B7A69F931B7B2930004C38BA /* ViewController.m */ = {isa = PBXFileReference; lastKnownFileType = sourcecode.c.objc; path = ViewController.m; sourceTree = "<group>"; };
		B7A69F961B7B2930004C38BA /* Base */ = {isa = PBXFileReference; lastKnownFileType = file.storyboard; name = Base; path = Base.lproj/Main.storyboard; sourceTree = "<group>"; };
		B7A69F981B7B2930004C38BA /* Images.xcassets */ = {isa = PBXFileReference; lastKnownFileType = folder.assetcatalog; path = Images.xcassets; sourceTree = "<group>"; };
		B7A69F9B1B7B2930004C38BA /* Base */ = {isa = PBXFileReference; lastKnownFileType = file.xib; name = Base; path = Base.lproj/LaunchScreen.xib; sourceTree = "<group>"; };
		B7A69FA11B7B2930004C38BA /* blockDemoTests.xctest */ = {isa = PBXFileReference; explicitFileType = wrapper.cfbundle; includeInIndex = 0; path = blockDemoTests.xctest; sourceTree = BUILT_PRODUCTS_DIR; };
		B7A69FA61B7B2930004C38BA /* Info.plist */ = {isa = PBXFileReference; lastKnownFileType = text.plist.xml; path = Info.plist; sourceTree = "<group>"; };
		B7A69FA71B7B2930004C38BA /* blockDemoTests.m */ = {isa = PBXFileReference; lastKnownFileType = sourcecode.c.objc; path = blockDemoTests.m; sourceTree = "<group>"; };
		B7A69FB11B7B2948004C38BA /* BlockObject.h */ = {isa = PBXFileReference; fileEncoding = 4; lastKnownFileType = sourcecode.c.h; path = BlockObject.h; sourceTree = "<group>"; };
		B7A69FB21B7B2948004C38BA /* BlockObject.m */ = {isa = PBXFileReference; fileEncoding = 4; lastKnownFileType = sourcecode.c.objc; path = BlockObject.m; sourceTree = "<group>"; };
		B7F792301B7CC233008B4DAA /* PushViewController.h */ = {isa = PBXFileReference; fileEncoding = 4; lastKnownFileType = sourcecode.c.h; path = PushViewController.h; sourceTree = "<group>"; };
		B7F792311B7CC233008B4DAA /* PushViewController.m */ = {isa = PBXFileReference; fileEncoding = 4; lastKnownFileType = sourcecode.c.objc; path = PushViewController.m; sourceTree = "<group>"; };
/* End PBXFileReference section */

/* Begin PBXFrameworksBuildPhase section */
		B7A69F851B7B2930004C38BA /* Frameworks */ = {
			isa = PBXFrameworksBuildPhase;
			buildActionMask = 2147483647;
			files = (
			);
			runOnlyForDeploymentPostprocessing = 0;
		};
		B7A69F9E1B7B2930004C38BA /* Frameworks */ = {
			isa = PBXFrameworksBuildPhase;
			buildActionMask = 2147483647;
			files = (
			);
			runOnlyForDeploymentPostprocessing = 0;
		};
/* End PBXFrameworksBuildPhase section */

/* Begin PBXGroup section */
		B7A69F7F1B7B2930004C38BA = {
			isa = PBXGroup;
			children = (
				B7A69F8A1B7B2930004C38BA /* blockDemo */,
				B7A69FA41B7B2930004C38BA /* blockDemoTests */,
				B7A69F891B7B2930004C38BA /* Products */,
			);
			sourceTree = "<group>";
		};
		B7A69F891B7B2930004C38BA /* Products */ = {
			isa = PBXGroup;
			children = (
				B7A69F881B7B2930004C38BA /* blockDemo.app */,
				B7A69FA11B7B2930004C38BA /* blockDemoTests.xctest */,
			);
			name = Products;
			sourceTree = "<group>";
		};
		B7A69F8A1B7B2930004C38BA /* blockDemo */ = {
			isa = PBXGroup;
			children = (
				B76FEF421B7CF7D60049D895 /* XUConstView.h */,
				B76FEF431B7CF7D60049D895 /* XUConstView.m */,
				B7A69F8F1B7B2930004C38BA /* AppDelegate.h */,
				B7A69F901B7B2930004C38BA /* AppDelegate.m */,
				B7A69FB11B7B2948004C38BA /* BlockObject.h */,
				B7A69FB21B7B2948004C38BA /* BlockObject.m */,
				B7A69F921B7B2930004C38BA /* ViewController.h */,
				B7A69F931B7B2930004C38BA /* ViewController.m */,
				B7F792301B7CC233008B4DAA /* PushViewController.h */,
				B7F792311B7CC233008B4DAA /* PushViewController.m */,
				B7A69F951B7B2930004C38BA /* Main.storyboard */,
				B7A69F981B7B2930004C38BA /* Images.xcassets */,
				B7A69F9A1B7B2930004C38BA /* LaunchScreen.xib */,
				B7A69F8B1B7B2930004C38BA /* Supporting Files */,
			);
			path = blockDemo;
			sourceTree = "<group>";
		};
		B7A69F8B1B7B2930004C38BA /* Supporting Files */ = {
			isa = PBXGroup;
			children = (
				B7A69F8C1B7B2930004C38BA /* Info.plist */,
				B7A69F8D1B7B2930004C38BA /* main.m */,
			);
			name = "Supporting Files";
			sourceTree = "<group>";
		};
		B7A69FA41B7B2930004C38BA /* blockDemoTests */ = {
			isa = PBXGroup;
			children = (
				B7A69FA71B7B2930004C38BA /* blockDemoTests.m */,
				B7A69FA51B7B2930004C38BA /* Supporting Files */,
			);
			path = blockDemoTests;
			sourceTree = "<group>";
		};
		B7A69FA51B7B2930004C38BA /* Supporting Files */ = {
			isa = PBXGroup;
			children = (
				B7A69FA61B7B2930004C38BA /* Info.plist */,
			);
			name = "Supporting Files";
			sourceTree = "<group>";
		};
/* End PBXGroup section */

/* Begin PBXNativeTarget section */
		B7A69F871B7B2930004C38BA /* blockDemo */ = {
			isa = PBXNativeTarget;
			buildConfigurationList = B7A69FAB1B7B2930004C38BA /* Build configuration list for PBXNativeTarget "blockDemo" */;
			buildPhases = (
				B7A69F841B7B2930004C38BA /* Sources */,
				B7A69F851B7B2930004C38BA /* Frameworks */,
				B7A69F861B7B2930004C38BA /* Resources */,
			);
			buildRules = (
			);
			dependencies = (
			);
			name = blockDemo;
			productName = blockDemo;
			productReference = B7A69F881B7B2930004C38BA /* blockDemo.app */;
			productType = "com.apple.product-type.application";
		};
		B7A69FA01B7B2930004C38BA /* blockDemoTests */ = {
			isa = PBXNativeTarget;
			buildConfigurationList = B7A69FAE1B7B2930004C38BA /* Build configuration list for PBXNativeTarget "blockDemoTests" */;
			buildPhases = (
				B7A69F9D1B7B2930004C38BA /* Sources */,
				B7A69F9E1B7B2930004C38BA /* Frameworks */,
				B7A69F9F1B7B2930004C38BA /* Resources */,
			);
			buildRules = (
			);
			dependencies = (
				B7A69FA31B7B2930004C38BA /* PBXTargetDependency */,
			);
			name = blockDemoTests;
			productName = blockDemoTests;
			productReference = B7A69FA11B7B2930004C38BA /* blockDemoTests.xctest */;
			productType = "com.apple.product-type.bundle.unit-test";
		};
/* End PBXNativeTarget section */

/* Begin PBXProject section */
		B7A69F801B7B2930004C38BA /* Project object */ = {
			isa = PBXProject;
			attributes = {
				LastUpgradeCheck = 0640;
				ORGANIZATIONNAME = "徐继垚";
				TargetAttributes = {
					B7A69F871B7B2930004C38BA = {
						CreatedOnToolsVersion = 6.4;
					};
					B7A69FA01B7B2930004C38BA = {
						CreatedOnToolsVersion = 6.4;
						TestTargetID = B7A69F871B7B2930004C38BA;
					};
				};
			};
			buildConfigurationList = B7A69F831B7B2930004C38BA /* Build configuration list for PBXProject "blockDemo" */;
			compatibilityVersion = "Xcode 3.2";
			developmentRegion = English;
			hasScannedForEncodings = 0;
			knownRegions = (
				en,
				Base,
			);
			mainGroup = B7A69F7F1B7B2930004C38BA;
			productRefGroup = B7A69F891B7B2930004C38BA /* Products */;
			projectDirPath = "";
			projectRoot = "";
			targets = (
				B7A69F871B7B2930004C38BA /* blockDemo */,
				B7A69FA01B7B2930004C38BA /* blockDemoTests */,
			);
		};
/* End PBXProject section */

/* Begin PBXResourcesBuildPhase section */
		B7A69F861B7B2930004C38BA /* Resources */ = {
			isa = PBXResourcesBuildPhase;
			buildActionMask = 2147483647;
			files = (
				B7A69F971B7B2930004C38BA /* Main.storyboard in Resources */,
				B7A69F9C1B7B2930004C38BA /* LaunchScreen.xib in Resources */,
				B7A69F991B7B2930004C38BA /* Images.xcassets in Resources */,
			);
			runOnlyForDeploymentPostprocessing = 0;
		};
		B7A69F9F1B7B2930004C38BA /* Resources */ = {
			isa = PBXResourcesBuildPhase;
			buildActionMask = 2147483647;
			files = (
			);
			runOnlyForDeploymentPostprocessing = 0;
		};
/* End PBXResourcesBuildPhase section */

/* Begin PBXSourcesBuildPhase section */
		B7A69F841B7B2930004C38BA /* Sources */ = {
			isa = PBXSourcesBuildPhase;
			buildActionMask = 2147483647;
			files = (
				B7A69F941B7B2930004C38BA /* ViewController.m in Sources */,
				B7F792321B7CC233008B4DAA /* PushViewController.m in Sources */,
				B7A69F911B7B2930004C38BA /* AppDelegate.m in Sources */,
				B76FEF441B7CF7D60049D895 /* XUConstView.m in Sources */,
				B7A69FB31B7B2948004C38BA /* BlockObject.m in Sources */,
				B7A69F8E1B7B2930004C38BA /* main.m in Sources */,
			);
			runOnlyForDeploymentPostprocessing = 0;
		};
		B7A69F9D1B7B2930004C38BA /* Sources */ = {
			isa = PBXSourcesBuildPhase;
			buildActionMask = 2147483647;
			files = (
				B7A69FA81B7B2930004C38BA /* blockDemoTests.m in Sources */,
			);
			runOnlyForDeploymentPostprocessing = 0;
		};
/* End PBXSourcesBuildPhase section */

/* Begin PBXTargetDependency section */
		B7A69FA31B7B2930004C38BA /* PBXTargetDependency */ = {
			isa = PBXTargetDependency;
			target = B7A69F871B7B2930004C38BA /* blockDemo */;
			targetProxy = B7A69FA21B7B2930004C38BA /* PBXContainerItemProxy */;
		};
/* End PBXTargetDependency section */

/* Begin PBXVariantGroup section */
		B7A69F951B7B2930004C38BA /* Main.storyboard */ = {
			isa = PBXVariantGroup;
			children = (
				B7A69F961B7B2930004C38BA /* Base */,
			);
			name = Main.storyboard;
			sourceTree = "<group>";
		};
		B7A69F9A1B7B2930004C38BA /* LaunchScreen.xib */ = {
			isa = PBXVariantGroup;
			children = (
				B7A69F9B1B7B2930004C38BA /* Base */,
			);
			name = LaunchScreen.xib;
			sourceTree = "<group>";
		};
/* End PBXVariantGroup section */

/* Begin XCBuildConfiguration section */
		B7A69FA91B7B2930004C38BA /* Debug */ = {
			isa = XCBuildConfiguration;
			buildSettings = {
				ALWAYS_SEARCH_USER_PATHS = NO;
				CLANG_CXX_LANGUAGE_STANDARD = "gnu++0x";
				CLANG_CXX_LIBRARY = "libc++";
				CLANG_ENABLE_MODULES = YES;
				CLANG_ENABLE_OBJC_ARC = YES;
				CLANG_WARN_BOOL_CONVERSION = YES;
				CLANG_WARN_CONSTANT_CONVERSION = YES;
				CLANG_WARN_DIRECT_OBJC_ISA_USAGE = YES_ERROR;
				CLANG_WARN_EMPTY_BODY = YES;
				CLANG_WARN_ENUM_CONVERSION = YES;
				CLANG_WARN_INT_CONVERSION = YES;
				CLANG_WARN_OBJC_ROOT_CLASS = YES_ERROR;
				CLANG_WARN_UNREACHABLE_CODE = YES;
				CLANG_WARN__DUPLICATE_METHOD_MATCH = YES;
				"CODE_SIGN_IDENTITY[sdk=iphoneos*]" = "iPhone Developer";
				COPY_PHASE_STRIP = NO;
				DEBUG_INFORMATION_FORMAT = "dwarf-with-dsym";
				ENABLE_STRICT_OBJC_MSGSEND = YES;
				GCC_C_LANGUAGE_STANDARD = gnu99;
				GCC_DYNAMIC_NO_PIC = NO;
				GCC_NO_COMMON_BLOCKS = YES;
				GCC_OPTIMIZATION_LEVEL = 0;
				GCC_PREPROCESSOR_DEFINITIONS = (
					"DEBUG=1",
					"$(inherited)",
				);
				GCC_SYMBOLS_PRIVATE_EXTERN = NO;
				GCC_WARN_64_TO_32_BIT_CONVERSION = YES;
				GCC_WARN_ABOUT_RETURN_TYPE = YES_ERROR;
				GCC_WARN_UNDECLARED_SELECTOR = YES;
				GCC_WARN_UNINITIALIZED_AUTOS = YES_AGGRESSIVE;
				GCC_WARN_UNUSED_FUNCTION = YES;
				GCC_WARN_UNUSED_VARIABLE = YES;
				IPHONEOS_DEPLOYMENT_TARGET = 8.4;
				MTL_ENABLE_DEBUG_INFO = YES;
				ONLY_ACTIVE_ARCH = YES;
				SDKROOT = iphoneos;
			};
			name = Debug;
		};
		B7A69FAA1B7B2930004C38BA /* Release */ = {
			isa = XCBuildConfiguration;
			buildSettings = {
				ALWAYS_SEARCH_USER_PATHS = NO;
				CLANG_CXX_LANGUAGE_STANDARD = "gnu++0x";
				CLANG_CXX_LIBRARY = "libc++";
				CLANG_ENABLE_MODULES = YES;
				CLANG_ENABLE_OBJC_ARC = YES;
				CLANG_WARN_BOOL_CONVERSION = YES;
				CLANG_WARN_CONSTANT_CONVERSION = YES;
				CLANG_WARN_DIRECT_OBJC_ISA_USAGE = YES_ERROR;
				CLANG_WARN_EMPTY_BODY = YES;
				CLANG_WARN_ENUM_CONVERSION = YES;
				CLANG_WARN_INT_CONVERSION = YES;
				CLANG_WARN_OBJC_ROOT_CLASS = YES_ERROR;
				CLANG_WARN_UNREACHABLE_CODE = YES;
				CLANG_WARN__DUPLICATE_METHOD_MATCH = YES;
				"CODE_SIGN_IDENTITY[sdk=iphoneos*]" = "iPhone Developer";
				COPY_PHASE_STRIP = NO;
				DEBUG_INFORMATION_FORMAT = "dwarf-with-dsym";
				ENABLE_NS_ASSERTIONS = NO;
				ENABLE_STRICT_OBJC_MSGSEND = YES;
				GCC_C_LANGUAGE_STANDARD = gnu99;
				GCC_NO_COMMON_BLOCKS = YES;
				GCC_WARN_64_TO_32_BIT_CONVERSION = YES;
				GCC_WARN_ABOUT_RETURN_TYPE = YES_ERROR;
				GCC_WARN_UNDECLARED_SELECTOR = YES;
				GCC_WARN_UNINITIALIZED_AUTOS = YES_AGGRESSIVE;
				GCC_WARN_UNUSED_FUNCTION = YES;
				GCC_WARN_UNUSED_VARIABLE = YES;
				IPHONEOS_DEPLOYMENT_TARGET = 8.4;
				MTL_ENABLE_DEBUG_INFO = NO;
				SDKROOT = iphoneos;
				VALIDATE_PRODUCT = YES;
			};
			name = Release;
		};
		B7A69FAC1B7B2930004C38BA /* Debug */ = {
			isa = XCBuildConfiguration;
			buildSettings = {
				ASSETCATALOG_COMPILER_APPICON_NAME = AppIcon;
				INFOPLIST_FILE = blockDemo/Info.plist;
				LD_RUNPATH_SEARCH_PATHS = "$(inherited) @executable_path/Frameworks";
				PRODUCT_NAME = "$(TARGET_NAME)";
			};
			name = Debug;
		};
		B7A69FAD1B7B2930004C38BA /* Release */ = {
			isa = XCBuildConfiguration;
			buildSettings = {
				ASSETCATALOG_COMPILER_APPICON_NAME = AppIcon;
				INFOPLIST_FILE = blockDemo/Info.plist;
				LD_RUNPATH_SEARCH_PATHS = "$(inherited) @executable_path/Frameworks";
				PRODUCT_NAME = "$(TARGET_NAME)";
			};
			name = Release;
		};
		B7A69FAF1B7B2930004C38BA /* Debug */ = {
			isa = XCBuildConfiguration;
			buildSettings = {
				BUNDLE_LOADER = "$(TEST_HOST)";
				FRAMEWORK_SEARCH_PATHS = (
					"$(SDKROOT)/Developer/Library/Frameworks",
					"$(inherited)",
				);
				GCC_PREPROCESSOR_DEFINITIONS = (
					"DEBUG=1",
					"$(inherited)",
				);
				INFOPLIST_FILE = blockDemoTests/Info.plist;
				LD_RUNPATH_SEARCH_PATHS = "$(inherited) @executable_path/Frameworks @loader_path/Frameworks";
				PRODUCT_NAME = "$(TARGET_NAME)";
				TEST_HOST = "$(BUILT_PRODUCTS_DIR)/blockDemo.app/blockDemo";
			};
			name = Debug;
		};
		B7A69FB01B7B2930004C38BA /* Release */ = {
			isa = XCBuildConfiguration;
			buildSettings = {
				BUNDLE_LOADER = "$(TEST_HOST)";
				FRAMEWORK_SEARCH_PATHS = (
					"$(SDKROOT)/Developer/Library/Frameworks",
					"$(inherited)",
				);
				INFOPLIST_FILE = blockDemoTests/Info.plist;
				LD_RUNPATH_SEARCH_PATHS = "$(inherited) @executable_path/Frameworks @loader_path/Frameworks";
				PRODUCT_NAME = "$(TARGET_NAME)";
				TEST_HOST = "$(BUILT_PRODUCTS_DIR)/blockDemo.app/blockDemo";
			};
			name = Release;
		};
/* End XCBuildConfiguration section */

/* Begin XCConfigurationList section */
		B7A69F831B7B2930004C38BA /* Build configuration list for PBXProject "blockDemo" */ = {
			isa = XCConfigurationList;
			buildConfigurations = (
				B7A69FA91B7B2930004C38BA /* Debug */,
				B7A69FAA1B7B2930004C38BA /* Release */,
			);
			defaultConfigurationIsVisible = 0;
			defaultConfigurationName = Release;
		};
		B7A69FAB1B7B2930004C38BA /* Build configuration list for PBXNativeTarget "blockDemo" */ = {
			isa = XCConfigurationList;
			buildConfigurations = (
				B7A69FAC1B7B2930004C38BA /* Debug */,
				B7A69FAD1B7B2930004C38BA /* Release */,
			);
			defaultConfigurationIsVisible = 0;
			defaultConfigurationName = Release;
		};
		B7A69FAE1B7B2930004C38BA /* Build configuration list for PBXNativeTarget "blockDemoTests" */ = {
			isa = XCConfigurationList;
			buildConfigurations = (
				B7A69FAF1B7B2930004C38BA /* Debug */,
				B7A69FB01B7B2930004C38BA /* Release */,
			);
			defaultConfigurationIsVisible = 0;
			defaultConfigurationName = Release;
		};
/* End XCConfigurationList section */
	};
	rootObject = B7A69F801B7B2930004C38BA /* Project object */;
}
